// !$*UTF8*$!
{
	archiveVersion = 1;
	classes = {
	};
	objectVersion = 52;
	objects = {

/* Begin PBXBuildFile section */
		23ED799823E138E515E1C980 /* Pods_EnglishApp_EnglishAppUITests.framework in Frameworks */ = {isa = PBXBuildFile; fileRef = A7A53D28BC69394B6EEDF901 /* Pods_EnglishApp_EnglishAppUITests.framework */; };
		419C7A090BA86F196B2B262B /* Pods_EnglishApp.framework in Frameworks */ = {isa = PBXBuildFile; fileRef = E57611A2388B6588676BEE1A /* Pods_EnglishApp.framework */; };
		490F86E624B0162500EF5622 /* HomeView.swift in Sources */ = {isa = PBXBuildFile; fileRef = 490F86E524B0162500EF5622 /* HomeView.swift */; };
		490F86E824B0198B00EF5622 /* ProgressCircle.swift in Sources */ = {isa = PBXBuildFile; fileRef = 490F86E724B0198B00EF5622 /* ProgressCircle.swift */; };
		490F86EA24B01A7C00EF5622 /* ProgressCircleDelegate.swift in Sources */ = {isa = PBXBuildFile; fileRef = 490F86E924B01A7C00EF5622 /* ProgressCircleDelegate.swift */; };
		490F86ED24B01EF400EF5622 /* SettingButtonView.swift in Sources */ = {isa = PBXBuildFile; fileRef = 490F86EC24B01EF400EF5622 /* SettingButtonView.swift */; };
		490F86EF24B0292B00EF5622 /* HomeDetailTextView.swift in Sources */ = {isa = PBXBuildFile; fileRef = 490F86EE24B0292B00EF5622 /* HomeDetailTextView.swift */; };
		490F86F124B030BF00EF5622 /* HomeViewModel.swift in Sources */ = {isa = PBXBuildFile; fileRef = 490F86F024B030BF00EF5622 /* HomeViewModel.swift */; };
		490F86F424B0451700EF5622 /* WorkbookCollectionView.swift in Sources */ = {isa = PBXBuildFile; fileRef = 490F86F324B0451700EF5622 /* WorkbookCollectionView.swift */; };
		490F86F624B0475700EF5622 /* ReturnButtonView.swift in Sources */ = {isa = PBXBuildFile; fileRef = 490F86F524B0475700EF5622 /* ReturnButtonView.swift */; };
		490F86F824B0521D00EF5622 /* WorkbookCellView.swift in Sources */ = {isa = PBXBuildFile; fileRef = 490F86F724B0521D00EF5622 /* WorkbookCellView.swift */; };
		490F86FC24B05D9D00EF5622 /* Workbook.swift in Sources */ = {isa = PBXBuildFile; fileRef = 490F86FB24B05D9D00EF5622 /* Workbook.swift */; };
		490F86FF24B062A900EF5622 /* WorkbookView.swift in Sources */ = {isa = PBXBuildFile; fileRef = 490F86FE24B062A900EF5622 /* WorkbookView.swift */; };
		490F870124B065F400EF5622 /* WorkbookViewModel.swift in Sources */ = {isa = PBXBuildFile; fileRef = 490F870024B065F400EF5622 /* WorkbookViewModel.swift */; };
		490F870324B068E100EF5622 /* WorkbookFormatter.swift in Sources */ = {isa = PBXBuildFile; fileRef = 490F870224B068E100EF5622 /* WorkbookFormatter.swift */; };
		490F870624B0741400EF5622 /* SettingView.swift in Sources */ = {isa = PBXBuildFile; fileRef = 490F870524B0741400EF5622 /* SettingView.swift */; };
		490F870924B07CBD00EF5622 /* UserSetting.swift in Sources */ = {isa = PBXBuildFile; fileRef = 490F870824B07CBD00EF5622 /* UserSetting.swift */; };
		491DBFD224B0A97A00A24A79 /* 20200704.csv in Resources */ = {isa = PBXBuildFile; fileRef = 491DBFCF24B0A97900A24A79 /* 20200704.csv */; };
		491DBFD324B0A97A00A24A79 /* workbook.csv in Resources */ = {isa = PBXBuildFile; fileRef = 491DBFD024B0A97900A24A79 /* workbook.csv */; };
		491DBFD524B0A9D600A24A79 /* CSVDecoder.swift in Sources */ = {isa = PBXBuildFile; fileRef = 491DBFD424B0A9D600A24A79 /* CSVDecoder.swift */; };
		491DBFD724B0B3EE00A24A79 /* WorkbookDecoder.swift in Sources */ = {isa = PBXBuildFile; fileRef = 491DBFD624B0B3EE00A24A79 /* WorkbookDecoder.swift */; };
		491DBFDA24B0C2EE00A24A79 /* QGrid in Frameworks */ = {isa = PBXBuildFile; productRef = 491DBFD924B0C2EE00A24A79 /* QGrid */; };
		496CAEDD24AB1CF000F290E9 /* AppDelegate.swift in Sources */ = {isa = PBXBuildFile; fileRef = 496CAEDC24AB1CF000F290E9 /* AppDelegate.swift */; };
		496CAEDF24AB1CF000F290E9 /* SceneDelegate.swift in Sources */ = {isa = PBXBuildFile; fileRef = 496CAEDE24AB1CF000F290E9 /* SceneDelegate.swift */; };
		496CAEE324AB1CF000F290E9 /* Assets.xcassets in Resources */ = {isa = PBXBuildFile; fileRef = 496CAEE224AB1CF000F290E9 /* Assets.xcassets */; };
		496CAEE624AB1CF000F290E9 /* Preview Assets.xcassets in Resources */ = {isa = PBXBuildFile; fileRef = 496CAEE524AB1CF000F290E9 /* Preview Assets.xcassets */; };
		496CAEE924AB1CF000F290E9 /* LaunchScreen.storyboard in Resources */ = {isa = PBXBuildFile; fileRef = 496CAEE724AB1CF000F290E9 /* LaunchScreen.storyboard */; };
		496CAEF424AB1CF000F290E9 /* EnglishAppTests.swift in Sources */ = {isa = PBXBuildFile; fileRef = 496CAEF324AB1CF000F290E9 /* EnglishAppTests.swift */; };
		496CAEFF24AB1CF100F290E9 /* EnglishAppUITests.swift in Sources */ = {isa = PBXBuildFile; fileRef = 496CAEFE24AB1CF100F290E9 /* EnglishAppUITests.swift */; };
		496CAF0F24AB20DB00F290E9 /* QuestionView.swift in Sources */ = {isa = PBXBuildFile; fileRef = 496CAF0E24AB20DB00F290E9 /* QuestionView.swift */; };
		496CAF1124AB218800F290E9 /* Color.swift in Sources */ = {isa = PBXBuildFile; fileRef = 496CAF1024AB218800F290E9 /* Color.swift */; };
		496CAF1424AB21E600F290E9 /* ButtonStyle.swift in Sources */ = {isa = PBXBuildFile; fileRef = 496CAF1324AB21E600F290E9 /* ButtonStyle.swift */; };
		496CAF1624AB238300F290E9 /* ChoiceButtonView.swift in Sources */ = {isa = PBXBuildFile; fileRef = 496CAF1524AB238300F290E9 /* ChoiceButtonView.swift */; };
		496CAF1824AB27CC00F290E9 /* Question.swift in Sources */ = {isa = PBXBuildFile; fileRef = 496CAF1724AB27CC00F290E9 /* Question.swift */; };
		496CAF1B24AB353900F290E9 /* QuestionViewModel.swift in Sources */ = {isa = PBXBuildFile; fileRef = 496CAF1A24AB353800F290E9 /* QuestionViewModel.swift */; };
		49E1A56224ACAF59008EC140 /* QuestionSolveView.swift in Sources */ = {isa = PBXBuildFile; fileRef = 49E1A56124ACAF59008EC140 /* QuestionSolveView.swift */; };
		49E1A56524ACB087008EC140 /* QuestionResultView.swift in Sources */ = {isa = PBXBuildFile; fileRef = 49E1A56424ACB087008EC140 /* QuestionResultView.swift */; };
		49E1A56724ACB0E5008EC140 /* QuestionStartView.swift in Sources */ = {isa = PBXBuildFile; fileRef = 49E1A56624ACB0E5008EC140 /* QuestionStartView.swift */; };
		49E1A56924ACB0F3008EC140 /* QuestionPauseView.swift in Sources */ = {isa = PBXBuildFile; fileRef = 49E1A56824ACB0F3008EC140 /* QuestionPauseView.swift */; };
		580BCA4491F293C86AA5408E /* Pods_EnglishAppTests.framework in Frameworks */ = {isa = PBXBuildFile; fileRef = 7B269D96156807712EAA0546 /* Pods_EnglishAppTests.framework */; };
/* End PBXBuildFile section */

/* Begin PBXContainerItemProxy section */
		496CAEF024AB1CF000F290E9 /* PBXContainerItemProxy */ = {
			isa = PBXContainerItemProxy;
			containerPortal = 496CAED124AB1CEF00F290E9 /* Project object */;
			proxyType = 1;
			remoteGlobalIDString = 496CAED824AB1CF000F290E9;
			remoteInfo = EnglishApp;
		};
		496CAEFB24AB1CF100F290E9 /* PBXContainerItemProxy */ = {
			isa = PBXContainerItemProxy;
			containerPortal = 496CAED124AB1CEF00F290E9 /* Project object */;
			proxyType = 1;
			remoteGlobalIDString = 496CAED824AB1CF000F290E9;
			remoteInfo = EnglishApp;
		};
/* End PBXContainerItemProxy section */

/* Begin PBXFileReference section */
		1D74BC2F5D06A362D900001B /* Pods-EnglishApp-EnglishAppUITests.release.xcconfig */ = {isa = PBXFileReference; includeInIndex = 1; lastKnownFileType = text.xcconfig; name = "Pods-EnglishApp-EnglishAppUITests.release.xcconfig"; path = "Target Support Files/Pods-EnglishApp-EnglishAppUITests/Pods-EnglishApp-EnglishAppUITests.release.xcconfig"; sourceTree = "<group>"; };
		2ED33F85B96196B6918FDDAF /* Pods-EnglishAppTests.debug.xcconfig */ = {isa = PBXFileReference; includeInIndex = 1; lastKnownFileType = text.xcconfig; name = "Pods-EnglishAppTests.debug.xcconfig"; path = "Target Support Files/Pods-EnglishAppTests/Pods-EnglishAppTests.debug.xcconfig"; sourceTree = "<group>"; };
		490F86E524B0162500EF5622 /* HomeView.swift */ = {isa = PBXFileReference; lastKnownFileType = sourcecode.swift; path = HomeView.swift; sourceTree = "<group>"; };
		490F86E724B0198B00EF5622 /* ProgressCircle.swift */ = {isa = PBXFileReference; lastKnownFileType = sourcecode.swift; path = ProgressCircle.swift; sourceTree = "<group>"; };
		490F86E924B01A7C00EF5622 /* ProgressCircleDelegate.swift */ = {isa = PBXFileReference; lastKnownFileType = sourcecode.swift; path = ProgressCircleDelegate.swift; sourceTree = "<group>"; };
		490F86EC24B01EF400EF5622 /* SettingButtonView.swift */ = {isa = PBXFileReference; lastKnownFileType = sourcecode.swift; path = SettingButtonView.swift; sourceTree = "<group>"; };
		490F86EE24B0292B00EF5622 /* HomeDetailTextView.swift */ = {isa = PBXFileReference; lastKnownFileType = sourcecode.swift; path = HomeDetailTextView.swift; sourceTree = "<group>"; };
		490F86F024B030BF00EF5622 /* HomeViewModel.swift */ = {isa = PBXFileReference; lastKnownFileType = sourcecode.swift; path = HomeViewModel.swift; sourceTree = "<group>"; };
		490F86F324B0451700EF5622 /* WorkbookCollectionView.swift */ = {isa = PBXFileReference; lastKnownFileType = sourcecode.swift; path = WorkbookCollectionView.swift; sourceTree = "<group>"; };
		490F86F524B0475700EF5622 /* ReturnButtonView.swift */ = {isa = PBXFileReference; lastKnownFileType = sourcecode.swift; path = ReturnButtonView.swift; sourceTree = "<group>"; };
		490F86F724B0521D00EF5622 /* WorkbookCellView.swift */ = {isa = PBXFileReference; lastKnownFileType = sourcecode.swift; path = WorkbookCellView.swift; sourceTree = "<group>"; };
		490F86FB24B05D9D00EF5622 /* Workbook.swift */ = {isa = PBXFileReference; lastKnownFileType = sourcecode.swift; path = Workbook.swift; sourceTree = "<group>"; };
		490F86FE24B062A900EF5622 /* WorkbookView.swift */ = {isa = PBXFileReference; lastKnownFileType = sourcecode.swift; path = WorkbookView.swift; sourceTree = "<group>"; };
		490F870024B065F400EF5622 /* WorkbookViewModel.swift */ = {isa = PBXFileReference; lastKnownFileType = sourcecode.swift; path = WorkbookViewModel.swift; sourceTree = "<group>"; };
		490F870224B068E100EF5622 /* WorkbookFormatter.swift */ = {isa = PBXFileReference; lastKnownFileType = sourcecode.swift; path = WorkbookFormatter.swift; sourceTree = "<group>"; };
		490F870524B0741400EF5622 /* SettingView.swift */ = {isa = PBXFileReference; lastKnownFileType = sourcecode.swift; path = SettingView.swift; sourceTree = "<group>"; };
		490F870824B07CBD00EF5622 /* UserSetting.swift */ = {isa = PBXFileReference; lastKnownFileType = sourcecode.swift; path = UserSetting.swift; sourceTree = "<group>"; };
		491DBFCF24B0A97900A24A79 /* 20200704.csv */ = {isa = PBXFileReference; fileEncoding = 4; lastKnownFileType = text; path = 20200704.csv; sourceTree = "<group>"; };
		491DBFD024B0A97900A24A79 /* workbook.csv */ = {isa = PBXFileReference; fileEncoding = 4; lastKnownFileType = text; path = workbook.csv; sourceTree = "<group>"; };
		491DBFD424B0A9D600A24A79 /* CSVDecoder.swift */ = {isa = PBXFileReference; lastKnownFileType = sourcecode.swift; path = CSVDecoder.swift; sourceTree = "<group>"; };
		491DBFD624B0B3EE00A24A79 /* WorkbookDecoder.swift */ = {isa = PBXFileReference; lastKnownFileType = sourcecode.swift; path = WorkbookDecoder.swift; sourceTree = "<group>"; };
		496CAED924AB1CF000F290E9 /* EnglishApp.app */ = {isa = PBXFileReference; explicitFileType = wrapper.application; includeInIndex = 0; path = EnglishApp.app; sourceTree = BUILT_PRODUCTS_DIR; };
		496CAEDC24AB1CF000F290E9 /* AppDelegate.swift */ = {isa = PBXFileReference; lastKnownFileType = sourcecode.swift; path = AppDelegate.swift; sourceTree = "<group>"; };
		496CAEDE24AB1CF000F290E9 /* SceneDelegate.swift */ = {isa = PBXFileReference; lastKnownFileType = sourcecode.swift; path = SceneDelegate.swift; sourceTree = "<group>"; };
		496CAEE224AB1CF000F290E9 /* Assets.xcassets */ = {isa = PBXFileReference; lastKnownFileType = folder.assetcatalog; path = Assets.xcassets; sourceTree = "<group>"; };
		496CAEE524AB1CF000F290E9 /* Preview Assets.xcassets */ = {isa = PBXFileReference; lastKnownFileType = folder.assetcatalog; path = "Preview Assets.xcassets"; sourceTree = "<group>"; };
		496CAEE824AB1CF000F290E9 /* Base */ = {isa = PBXFileReference; lastKnownFileType = file.storyboard; name = Base; path = Base.lproj/LaunchScreen.storyboard; sourceTree = "<group>"; };
		496CAEEA24AB1CF000F290E9 /* Info.plist */ = {isa = PBXFileReference; lastKnownFileType = text.plist.xml; path = Info.plist; sourceTree = "<group>"; };
		496CAEEF24AB1CF000F290E9 /* EnglishAppTests.xctest */ = {isa = PBXFileReference; explicitFileType = wrapper.cfbundle; includeInIndex = 0; path = EnglishAppTests.xctest; sourceTree = BUILT_PRODUCTS_DIR; };
		496CAEF324AB1CF000F290E9 /* EnglishAppTests.swift */ = {isa = PBXFileReference; lastKnownFileType = sourcecode.swift; path = EnglishAppTests.swift; sourceTree = "<group>"; };
		496CAEF524AB1CF000F290E9 /* Info.plist */ = {isa = PBXFileReference; lastKnownFileType = text.plist.xml; path = Info.plist; sourceTree = "<group>"; };
		496CAEFA24AB1CF100F290E9 /* EnglishAppUITests.xctest */ = {isa = PBXFileReference; explicitFileType = wrapper.cfbundle; includeInIndex = 0; path = EnglishAppUITests.xctest; sourceTree = BUILT_PRODUCTS_DIR; };
		496CAEFE24AB1CF100F290E9 /* EnglishAppUITests.swift */ = {isa = PBXFileReference; lastKnownFileType = sourcecode.swift; path = EnglishAppUITests.swift; sourceTree = "<group>"; };
		496CAF0024AB1CF100F290E9 /* Info.plist */ = {isa = PBXFileReference; lastKnownFileType = text.plist.xml; path = Info.plist; sourceTree = "<group>"; };
		496CAF0E24AB20DB00F290E9 /* QuestionView.swift */ = {isa = PBXFileReference; lastKnownFileType = sourcecode.swift; path = QuestionView.swift; sourceTree = "<group>"; };
		496CAF1024AB218800F290E9 /* Color.swift */ = {isa = PBXFileReference; lastKnownFileType = sourcecode.swift; path = Color.swift; sourceTree = "<group>"; };
		496CAF1324AB21E600F290E9 /* ButtonStyle.swift */ = {isa = PBXFileReference; lastKnownFileType = sourcecode.swift; path = ButtonStyle.swift; sourceTree = "<group>"; };
		496CAF1524AB238300F290E9 /* ChoiceButtonView.swift */ = {isa = PBXFileReference; lastKnownFileType = sourcecode.swift; path = ChoiceButtonView.swift; sourceTree = "<group>"; };
		496CAF1724AB27CC00F290E9 /* Question.swift */ = {isa = PBXFileReference; lastKnownFileType = sourcecode.swift; path = Question.swift; sourceTree = "<group>"; };
		496CAF1A24AB353800F290E9 /* QuestionViewModel.swift */ = {isa = PBXFileReference; lastKnownFileType = sourcecode.swift; path = QuestionViewModel.swift; sourceTree = "<group>"; };
		49E1A56124ACAF59008EC140 /* QuestionSolveView.swift */ = {isa = PBXFileReference; lastKnownFileType = sourcecode.swift; path = QuestionSolveView.swift; sourceTree = "<group>"; };
		49E1A56424ACB087008EC140 /* QuestionResultView.swift */ = {isa = PBXFileReference; lastKnownFileType = sourcecode.swift; path = QuestionResultView.swift; sourceTree = "<group>"; };
		49E1A56624ACB0E5008EC140 /* QuestionStartView.swift */ = {isa = PBXFileReference; lastKnownFileType = sourcecode.swift; path = QuestionStartView.swift; sourceTree = "<group>"; };
		49E1A56824ACB0F3008EC140 /* QuestionPauseView.swift */ = {isa = PBXFileReference; lastKnownFileType = sourcecode.swift; path = QuestionPauseView.swift; sourceTree = "<group>"; };
		7386E48E2950A9DF925D34F3 /* Pods-EnglishApp.debug.xcconfig */ = {isa = PBXFileReference; includeInIndex = 1; lastKnownFileType = text.xcconfig; name = "Pods-EnglishApp.debug.xcconfig"; path = "Target Support Files/Pods-EnglishApp/Pods-EnglishApp.debug.xcconfig"; sourceTree = "<group>"; };
		763B43D92BD2283F51B0C5A9 /* Pods-EnglishApp-EnglishAppUITests.debug.xcconfig */ = {isa = PBXFileReference; includeInIndex = 1; lastKnownFileType = text.xcconfig; name = "Pods-EnglishApp-EnglishAppUITests.debug.xcconfig"; path = "Target Support Files/Pods-EnglishApp-EnglishAppUITests/Pods-EnglishApp-EnglishAppUITests.debug.xcconfig"; sourceTree = "<group>"; };
		7B269D96156807712EAA0546 /* Pods_EnglishAppTests.framework */ = {isa = PBXFileReference; explicitFileType = wrapper.framework; includeInIndex = 0; path = Pods_EnglishAppTests.framework; sourceTree = BUILT_PRODUCTS_DIR; };
		9A40F8D62C2AEDFBEC2842DB /* Pods-EnglishApp.release.xcconfig */ = {isa = PBXFileReference; includeInIndex = 1; lastKnownFileType = text.xcconfig; name = "Pods-EnglishApp.release.xcconfig"; path = "Target Support Files/Pods-EnglishApp/Pods-EnglishApp.release.xcconfig"; sourceTree = "<group>"; };
		A7A53D28BC69394B6EEDF901 /* Pods_EnglishApp_EnglishAppUITests.framework */ = {isa = PBXFileReference; explicitFileType = wrapper.framework; includeInIndex = 0; path = Pods_EnglishApp_EnglishAppUITests.framework; sourceTree = BUILT_PRODUCTS_DIR; };
		E57611A2388B6588676BEE1A /* Pods_EnglishApp.framework */ = {isa = PBXFileReference; explicitFileType = wrapper.framework; includeInIndex = 0; path = Pods_EnglishApp.framework; sourceTree = BUILT_PRODUCTS_DIR; };
		F1A2DC4A6D576167C7B2F249 /* Pods-EnglishAppTests.release.xcconfig */ = {isa = PBXFileReference; includeInIndex = 1; lastKnownFileType = text.xcconfig; name = "Pods-EnglishAppTests.release.xcconfig"; path = "Target Support Files/Pods-EnglishAppTests/Pods-EnglishAppTests.release.xcconfig"; sourceTree = "<group>"; };
/* End PBXFileReference section */

/* Begin PBXFrameworksBuildPhase section */
		496CAED624AB1CF000F290E9 /* Frameworks */ = {
			isa = PBXFrameworksBuildPhase;
			buildActionMask = 2147483647;
			files = (
				491DBFDA24B0C2EE00A24A79 /* QGrid in Frameworks */,
				419C7A090BA86F196B2B262B /* Pods_EnglishApp.framework in Frameworks */,
			);
			runOnlyForDeploymentPostprocessing = 0;
		};
		496CAEEC24AB1CF000F290E9 /* Frameworks */ = {
			isa = PBXFrameworksBuildPhase;
			buildActionMask = 2147483647;
			files = (
				580BCA4491F293C86AA5408E /* Pods_EnglishAppTests.framework in Frameworks */,
			);
			runOnlyForDeploymentPostprocessing = 0;
		};
		496CAEF724AB1CF100F290E9 /* Frameworks */ = {
			isa = PBXFrameworksBuildPhase;
			buildActionMask = 2147483647;
			files = (
				23ED799823E138E515E1C980 /* Pods_EnglishApp_EnglishAppUITests.framework in Frameworks */,
			);
			runOnlyForDeploymentPostprocessing = 0;
		};
/* End PBXFrameworksBuildPhase section */

/* Begin PBXGroup section */
		490F86E424B0160300EF5622 /* Home */ = {
			isa = PBXGroup;
			children = (
				490F86E524B0162500EF5622 /* HomeView.swift */,
				490F86EE24B0292B00EF5622 /* HomeDetailTextView.swift */,
			);
			path = Home;
			sourceTree = "<group>";
		};
		490F86EB24B01EE200EF5622 /* Shared */ = {
			isa = PBXGroup;
			children = (
				490F86EC24B01EF400EF5622 /* SettingButtonView.swift */,
				490F86F524B0475700EF5622 /* ReturnButtonView.swift */,
			);
			path = Shared;
			sourceTree = "<group>";
		};
		490F86F224B044F400EF5622 /* WorkbookCollection */ = {
			isa = PBXGroup;
			children = (
				490F86F324B0451700EF5622 /* WorkbookCollectionView.swift */,
				490F86F724B0521D00EF5622 /* WorkbookCellView.swift */,
			);
			path = WorkbookCollection;
			sourceTree = "<group>";
		};
		490F86FD24B0629700EF5622 /* Workbook */ = {
			isa = PBXGroup;
			children = (
				490F86FE24B062A900EF5622 /* WorkbookView.swift */,
			);
			path = Workbook;
			sourceTree = "<group>";
		};
		490F870424B0740400EF5622 /* Setting */ = {
			isa = PBXGroup;
			children = (
				490F870524B0741400EF5622 /* SettingView.swift */,
			);
			path = Setting;
			sourceTree = "<group>";
		};
		490F870724B07C8A00EF5622 /* Entity */ = {
			isa = PBXGroup;
			children = (
				490F870824B07CBD00EF5622 /* UserSetting.swift */,
			);
			path = Entity;
			sourceTree = "<group>";
		};
		491DBFC924B0A79200A24A79 /* csv */ = {
			isa = PBXGroup;
			children = (
				491DBFCF24B0A97900A24A79 /* 20200704.csv */,
				491DBFD024B0A97900A24A79 /* workbook.csv */,
			);
			path = csv;
			sourceTree = "<group>";
		};
		494640D424AC648B0070C745 /* Delegate */ = {
			isa = PBXGroup;
			children = (
				490F86E924B01A7C00EF5622 /* ProgressCircleDelegate.swift */,
			);
			path = Delegate;
			sourceTree = "<group>";
		};
		494640D724AC6C750070C745 /* Helper */ = {
			isa = PBXGroup;
			children = (
				490F870224B068E100EF5622 /* WorkbookFormatter.swift */,
				491DBFD424B0A9D600A24A79 /* CSVDecoder.swift */,
				491DBFD624B0B3EE00A24A79 /* WorkbookDecoder.swift */,
			);
			path = Helper;
			sourceTree = "<group>";
		};
		496CAED024AB1CEF00F290E9 = {
			isa = PBXGroup;
			children = (
				496CAEDB24AB1CF000F290E9 /* EnglishApp */,
				496CAEF224AB1CF000F290E9 /* EnglishAppTests */,
				496CAEFD24AB1CF100F290E9 /* EnglishAppUITests */,
				496CAEDA24AB1CF000F290E9 /* Products */,
				DE73E4F58D78E859927D02BE /* Pods */,
				7FB426552F90F8934E07D685 /* Frameworks */,
			);
			sourceTree = "<group>";
		};
		496CAEDA24AB1CF000F290E9 /* Products */ = {
			isa = PBXGroup;
			children = (
				496CAED924AB1CF000F290E9 /* EnglishApp.app */,
				496CAEEF24AB1CF000F290E9 /* EnglishAppTests.xctest */,
				496CAEFA24AB1CF100F290E9 /* EnglishAppUITests.xctest */,
			);
			name = Products;
			sourceTree = "<group>";
		};
		496CAEDB24AB1CF000F290E9 /* EnglishApp */ = {
			isa = PBXGroup;
			children = (
				491DBFC924B0A79200A24A79 /* csv */,
				490F870724B07C8A00EF5622 /* Entity */,
				494640D424AC648B0070C745 /* Delegate */,
				496CAF1924AB352C00F290E9 /* ViewModel */,
				496CAF0D24AB1E0F00F290E9 /* Model */,
				496CAF0C24AB1DB700F290E9 /* View */,
				496CAF1224AB21BE00F290E9 /* Utility */,
				494640D724AC6C750070C745 /* Helper */,
				496CAEDC24AB1CF000F290E9 /* AppDelegate.swift */,
				496CAEDE24AB1CF000F290E9 /* SceneDelegate.swift */,
				496CAEE224AB1CF000F290E9 /* Assets.xcassets */,
				496CAEE724AB1CF000F290E9 /* LaunchScreen.storyboard */,
				496CAEEA24AB1CF000F290E9 /* Info.plist */,
				496CAEE424AB1CF000F290E9 /* Preview Content */,
			);
			path = EnglishApp;
			sourceTree = "<group>";
		};
		496CAEE424AB1CF000F290E9 /* Preview Content */ = {
			isa = PBXGroup;
			children = (
				496CAEE524AB1CF000F290E9 /* Preview Assets.xcassets */,
			);
			path = "Preview Content";
			sourceTree = "<group>";
		};
		496CAEF224AB1CF000F290E9 /* EnglishAppTests */ = {
			isa = PBXGroup;
			children = (
				496CAEF324AB1CF000F290E9 /* EnglishAppTests.swift */,
				496CAEF524AB1CF000F290E9 /* Info.plist */,
			);
			path = EnglishAppTests;
			sourceTree = "<group>";
		};
		496CAEFD24AB1CF100F290E9 /* EnglishAppUITests */ = {
			isa = PBXGroup;
			children = (
				496CAEFE24AB1CF100F290E9 /* EnglishAppUITests.swift */,
				496CAF0024AB1CF100F290E9 /* Info.plist */,
			);
			path = EnglishAppUITests;
			sourceTree = "<group>";
		};
		496CAF0C24AB1DB700F290E9 /* View */ = {
			isa = PBXGroup;
			children = (
				490F86EB24B01EE200EF5622 /* Shared */,
				490F86FD24B0629700EF5622 /* Workbook */,
				490F86F224B044F400EF5622 /* WorkbookCollection */,
				49E1A56B24ACB297008EC140 /* Helper */,
				490F86E424B0160300EF5622 /* Home */,
				490F870424B0740400EF5622 /* Setting */,
				49E1A56A24ACB116008EC140 /* Question */,
			);
			path = View;
			sourceTree = "<group>";
		};
		496CAF0D24AB1E0F00F290E9 /* Model */ = {
			isa = PBXGroup;
			children = (
				496CAF1724AB27CC00F290E9 /* Question.swift */,
				490F86FB24B05D9D00EF5622 /* Workbook.swift */,
			);
			path = Model;
			sourceTree = "<group>";
		};
		496CAF1224AB21BE00F290E9 /* Utility */ = {
			isa = PBXGroup;
			children = (
				496CAF1024AB218800F290E9 /* Color.swift */,
			);
			path = Utility;
			sourceTree = "<group>";
		};
		496CAF1924AB352C00F290E9 /* ViewModel */ = {
			isa = PBXGroup;
			children = (
				496CAF1A24AB353800F290E9 /* QuestionViewModel.swift */,
				490F86F024B030BF00EF5622 /* HomeViewModel.swift */,
				490F870024B065F400EF5622 /* WorkbookViewModel.swift */,
			);
			path = ViewModel;
			sourceTree = "<group>";
		};
		49E1A56A24ACB116008EC140 /* Question */ = {
			isa = PBXGroup;
			children = (
				496CAF0E24AB20DB00F290E9 /* QuestionView.swift */,
				496CAF1524AB238300F290E9 /* ChoiceButtonView.swift */,
				49E1A56124ACAF59008EC140 /* QuestionSolveView.swift */,
				49E1A56424ACB087008EC140 /* QuestionResultView.swift */,
				49E1A56624ACB0E5008EC140 /* QuestionStartView.swift */,
				49E1A56824ACB0F3008EC140 /* QuestionPauseView.swift */,
			);
			path = Question;
			sourceTree = "<group>";
		};
		49E1A56B24ACB297008EC140 /* Helper */ = {
			isa = PBXGroup;
			children = (
				496CAF1324AB21E600F290E9 /* ButtonStyle.swift */,
				490F86E724B0198B00EF5622 /* ProgressCircle.swift */,
			);
			path = Helper;
			sourceTree = "<group>";
		};
		7FB426552F90F8934E07D685 /* Frameworks */ = {
			isa = PBXGroup;
			children = (
				E57611A2388B6588676BEE1A /* Pods_EnglishApp.framework */,
				A7A53D28BC69394B6EEDF901 /* Pods_EnglishApp_EnglishAppUITests.framework */,
				7B269D96156807712EAA0546 /* Pods_EnglishAppTests.framework */,
			);
			name = Frameworks;
			sourceTree = "<group>";
		};
		DE73E4F58D78E859927D02BE /* Pods */ = {
			isa = PBXGroup;
			children = (
				7386E48E2950A9DF925D34F3 /* Pods-EnglishApp.debug.xcconfig */,
				9A40F8D62C2AEDFBEC2842DB /* Pods-EnglishApp.release.xcconfig */,
				763B43D92BD2283F51B0C5A9 /* Pods-EnglishApp-EnglishAppUITests.debug.xcconfig */,
				1D74BC2F5D06A362D900001B /* Pods-EnglishApp-EnglishAppUITests.release.xcconfig */,
				2ED33F85B96196B6918FDDAF /* Pods-EnglishAppTests.debug.xcconfig */,
				F1A2DC4A6D576167C7B2F249 /* Pods-EnglishAppTests.release.xcconfig */,
			);
			path = Pods;
			sourceTree = "<group>";
		};
/* End PBXGroup section */

/* Begin PBXNativeTarget section */
		496CAED824AB1CF000F290E9 /* EnglishApp */ = {
			isa = PBXNativeTarget;
			buildConfigurationList = 496CAF0324AB1CF100F290E9 /* Build configuration list for PBXNativeTarget "EnglishApp" */;
			buildPhases = (
				1086CA938E51A1D6AB77F6FD /* [CP] Check Pods Manifest.lock */,
				496CAED524AB1CF000F290E9 /* Sources */,
				496CAED624AB1CF000F290E9 /* Frameworks */,
				496CAED724AB1CF000F290E9 /* Resources */,
			);
			buildRules = (
			);
			dependencies = (
			);
			name = EnglishApp;
			packageProductDependencies = (
				491DBFD924B0C2EE00A24A79 /* QGrid */,
			);
			productName = EnglishApp;
			productReference = 496CAED924AB1CF000F290E9 /* EnglishApp.app */;
			productType = "com.apple.product-type.application";
		};
		496CAEEE24AB1CF000F290E9 /* EnglishAppTests */ = {
			isa = PBXNativeTarget;
			buildConfigurationList = 496CAF0624AB1CF100F290E9 /* Build configuration list for PBXNativeTarget "EnglishAppTests" */;
			buildPhases = (
				452C8C5D70D63A74D5253AFA /* [CP] Check Pods Manifest.lock */,
				496CAEEB24AB1CF000F290E9 /* Sources */,
				496CAEEC24AB1CF000F290E9 /* Frameworks */,
				496CAEED24AB1CF000F290E9 /* Resources */,
			);
			buildRules = (
			);
			dependencies = (
				496CAEF124AB1CF000F290E9 /* PBXTargetDependency */,
			);
			name = EnglishAppTests;
			productName = EnglishAppTests;
			productReference = 496CAEEF24AB1CF000F290E9 /* EnglishAppTests.xctest */;
			productType = "com.apple.product-type.bundle.unit-test";
		};
		496CAEF924AB1CF100F290E9 /* EnglishAppUITests */ = {
			isa = PBXNativeTarget;
			buildConfigurationList = 496CAF0924AB1CF100F290E9 /* Build configuration list for PBXNativeTarget "EnglishAppUITests" */;
			buildPhases = (
				CA3017E33BC37EA1D79375AB /* [CP] Check Pods Manifest.lock */,
				496CAEF624AB1CF100F290E9 /* Sources */,
				496CAEF724AB1CF100F290E9 /* Frameworks */,
				496CAEF824AB1CF100F290E9 /* Resources */,
			);
			buildRules = (
			);
			dependencies = (
				496CAEFC24AB1CF100F290E9 /* PBXTargetDependency */,
			);
			name = EnglishAppUITests;
			productName = EnglishAppUITests;
			productReference = 496CAEFA24AB1CF100F290E9 /* EnglishAppUITests.xctest */;
			productType = "com.apple.product-type.bundle.ui-testing";
		};
/* End PBXNativeTarget section */

/* Begin PBXProject section */
		496CAED124AB1CEF00F290E9 /* Project object */ = {
			isa = PBXProject;
			attributes = {
				LastSwiftUpdateCheck = 1150;
				LastUpgradeCheck = 1150;
				ORGANIZATIONNAME = "Tatsuya Ishii";
				TargetAttributes = {
					496CAED824AB1CF000F290E9 = {
						CreatedOnToolsVersion = 11.5;
					};
					496CAEEE24AB1CF000F290E9 = {
						CreatedOnToolsVersion = 11.5;
						TestTargetID = 496CAED824AB1CF000F290E9;
					};
					496CAEF924AB1CF100F290E9 = {
						CreatedOnToolsVersion = 11.5;
						TestTargetID = 496CAED824AB1CF000F290E9;
					};
				};
			};
			buildConfigurationList = 496CAED424AB1CEF00F290E9 /* Build configuration list for PBXProject "EnglishApp" */;
			compatibilityVersion = "Xcode 9.3";
			developmentRegion = en;
			hasScannedForEncodings = 0;
			knownRegions = (
				en,
				Base,
			);
			mainGroup = 496CAED024AB1CEF00F290E9;
			packageReferences = (
				491DBFD824B0C2EE00A24A79 /* XCRemoteSwiftPackageReference "QGrid" */,
			);
			productRefGroup = 496CAEDA24AB1CF000F290E9 /* Products */;
			projectDirPath = "";
			projectRoot = "";
			targets = (
				496CAED824AB1CF000F290E9 /* EnglishApp */,
				496CAEEE24AB1CF000F290E9 /* EnglishAppTests */,
				496CAEF924AB1CF100F290E9 /* EnglishAppUITests */,
			);
		};
/* End PBXProject section */

/* Begin PBXResourcesBuildPhase section */
		496CAED724AB1CF000F290E9 /* Resources */ = {
			isa = PBXResourcesBuildPhase;
			buildActionMask = 2147483647;
			files = (
				491DBFD324B0A97A00A24A79 /* workbook.csv in Resources */,
				496CAEE924AB1CF000F290E9 /* LaunchScreen.storyboard in Resources */,
				496CAEE624AB1CF000F290E9 /* Preview Assets.xcassets in Resources */,
				491DBFD224B0A97A00A24A79 /* 20200704.csv in Resources */,
				496CAEE324AB1CF000F290E9 /* Assets.xcassets in Resources */,
			);
			runOnlyForDeploymentPostprocessing = 0;
		};
		496CAEED24AB1CF000F290E9 /* Resources */ = {
			isa = PBXResourcesBuildPhase;
			buildActionMask = 2147483647;
			files = (
			);
			runOnlyForDeploymentPostprocessing = 0;
		};
		496CAEF824AB1CF100F290E9 /* Resources */ = {
			isa = PBXResourcesBuildPhase;
			buildActionMask = 2147483647;
			files = (
			);
			runOnlyForDeploymentPostprocessing = 0;
		};
/* End PBXResourcesBuildPhase section */

/* Begin PBXShellScriptBuildPhase section */
		1086CA938E51A1D6AB77F6FD /* [CP] Check Pods Manifest.lock */ = {
			isa = PBXShellScriptBuildPhase;
			buildActionMask = 2147483647;
			files = (
			);
			inputFileListPaths = (
			);
			inputPaths = (
				"${PODS_PODFILE_DIR_PATH}/Podfile.lock",
				"${PODS_ROOT}/Manifest.lock",
			);
			name = "[CP] Check Pods Manifest.lock";
			outputFileListPaths = (
			);
			outputPaths = (
				"$(DERIVED_FILE_DIR)/Pods-EnglishApp-checkManifestLockResult.txt",
			);
			runOnlyForDeploymentPostprocessing = 0;
			shellPath = /bin/sh;
			shellScript = "diff \"${PODS_PODFILE_DIR_PATH}/Podfile.lock\" \"${PODS_ROOT}/Manifest.lock\" > /dev/null\nif [ $? != 0 ] ; then\n    # print error to STDERR\n    echo \"error: The sandbox is not in sync with the Podfile.lock. Run 'pod install' or update your CocoaPods installation.\" >&2\n    exit 1\nfi\n# This output is used by Xcode 'outputs' to avoid re-running this script phase.\necho \"SUCCESS\" > \"${SCRIPT_OUTPUT_FILE_0}\"\n";
			showEnvVarsInLog = 0;
		};
		452C8C5D70D63A74D5253AFA /* [CP] Check Pods Manifest.lock */ = {
			isa = PBXShellScriptBuildPhase;
			buildActionMask = 2147483647;
			files = (
			);
			inputFileListPaths = (
			);
			inputPaths = (
				"${PODS_PODFILE_DIR_PATH}/Podfile.lock",
				"${PODS_ROOT}/Manifest.lock",
			);
			name = "[CP] Check Pods Manifest.lock";
			outputFileListPaths = (
			);
			outputPaths = (
				"$(DERIVED_FILE_DIR)/Pods-EnglishAppTests-checkManifestLockResult.txt",
			);
			runOnlyForDeploymentPostprocessing = 0;
			shellPath = /bin/sh;
			shellScript = "diff \"${PODS_PODFILE_DIR_PATH}/Podfile.lock\" \"${PODS_ROOT}/Manifest.lock\" > /dev/null\nif [ $? != 0 ] ; then\n    # print error to STDERR\n    echo \"error: The sandbox is not in sync with the Podfile.lock. Run 'pod install' or update your CocoaPods installation.\" >&2\n    exit 1\nfi\n# This output is used by Xcode 'outputs' to avoid re-running this script phase.\necho \"SUCCESS\" > \"${SCRIPT_OUTPUT_FILE_0}\"\n";
			showEnvVarsInLog = 0;
		};
		CA3017E33BC37EA1D79375AB /* [CP] Check Pods Manifest.lock */ = {
			isa = PBXShellScriptBuildPhase;
			buildActionMask = 2147483647;
			files = (
			);
			inputFileListPaths = (
			);
			inputPaths = (
				"${PODS_PODFILE_DIR_PATH}/Podfile.lock",
				"${PODS_ROOT}/Manifest.lock",
			);
			name = "[CP] Check Pods Manifest.lock";
			outputFileListPaths = (
			);
			outputPaths = (
				"$(DERIVED_FILE_DIR)/Pods-EnglishApp-EnglishAppUITests-checkManifestLockResult.txt",
			);
			runOnlyForDeploymentPostprocessing = 0;
			shellPath = /bin/sh;
			shellScript = "diff \"${PODS_PODFILE_DIR_PATH}/Podfile.lock\" \"${PODS_ROOT}/Manifest.lock\" > /dev/null\nif [ $? != 0 ] ; then\n    # print error to STDERR\n    echo \"error: The sandbox is not in sync with the Podfile.lock. Run 'pod install' or update your CocoaPods installation.\" >&2\n    exit 1\nfi\n# This output is used by Xcode 'outputs' to avoid re-running this script phase.\necho \"SUCCESS\" > \"${SCRIPT_OUTPUT_FILE_0}\"\n";
			showEnvVarsInLog = 0;
		};
/* End PBXShellScriptBuildPhase section */

/* Begin PBXSourcesBuildPhase section */
		496CAED524AB1CF000F290E9 /* Sources */ = {
			isa = PBXSourcesBuildPhase;
			buildActionMask = 2147483647;
			files = (
				496CAEDD24AB1CF000F290E9 /* AppDelegate.swift in Sources */,
				490F86F124B030BF00EF5622 /* HomeViewModel.swift in Sources */,
				496CAF1124AB218800F290E9 /* Color.swift in Sources */,
				490F86FF24B062A900EF5622 /* WorkbookView.swift in Sources */,
				490F86E624B0162500EF5622 /* HomeView.swift in Sources */,
				496CAF0F24AB20DB00F290E9 /* QuestionView.swift in Sources */,
				490F86E824B0198B00EF5622 /* ProgressCircle.swift in Sources */,
				496CAF1424AB21E600F290E9 /* ButtonStyle.swift in Sources */,
				490F86F424B0451700EF5622 /* WorkbookCollectionView.swift in Sources */,
				490F870924B07CBD00EF5622 /* UserSetting.swift in Sources */,
				49E1A56224ACAF59008EC140 /* QuestionSolveView.swift in Sources */,
				490F86ED24B01EF400EF5622 /* SettingButtonView.swift in Sources */,
				496CAEDF24AB1CF000F290E9 /* SceneDelegate.swift in Sources */,
				496CAF1824AB27CC00F290E9 /* Question.swift in Sources */,
				490F86F624B0475700EF5622 /* ReturnButtonView.swift in Sources */,
				496CAF1B24AB353900F290E9 /* QuestionViewModel.swift in Sources */,
				49E1A56524ACB087008EC140 /* QuestionResultView.swift in Sources */,
				490F870324B068E100EF5622 /* WorkbookFormatter.swift in Sources */,
				490F86EA24B01A7C00EF5622 /* ProgressCircleDelegate.swift in Sources */,
				490F86F824B0521D00EF5622 /* WorkbookCellView.swift in Sources */,
				491DBFD524B0A9D600A24A79 /* CSVDecoder.swift in Sources */,
				490F86FC24B05D9D00EF5622 /* Workbook.swift in Sources */,
				49E1A56924ACB0F3008EC140 /* QuestionPauseView.swift in Sources */,
				490F870624B0741400EF5622 /* SettingView.swift in Sources */,
				490F870124B065F400EF5622 /* WorkbookViewModel.swift in Sources */,
				490F86EF24B0292B00EF5622 /* HomeDetailTextView.swift in Sources */,
				496CAF1624AB238300F290E9 /* ChoiceButtonView.swift in Sources */,
				49E1A56724ACB0E5008EC140 /* QuestionStartView.swift in Sources */,
				491DBFD724B0B3EE00A24A79 /* WorkbookDecoder.swift in Sources */,
			);
			runOnlyForDeploymentPostprocessing = 0;
		};
		496CAEEB24AB1CF000F290E9 /* Sources */ = {
			isa = PBXSourcesBuildPhase;
			buildActionMask = 2147483647;
			files = (
				496CAEF424AB1CF000F290E9 /* EnglishAppTests.swift in Sources */,
			);
			runOnlyForDeploymentPostprocessing = 0;
		};
		496CAEF624AB1CF100F290E9 /* Sources */ = {
			isa = PBXSourcesBuildPhase;
			buildActionMask = 2147483647;
			files = (
				496CAEFF24AB1CF100F290E9 /* EnglishAppUITests.swift in Sources */,
			);
			runOnlyForDeploymentPostprocessing = 0;
		};
/* End PBXSourcesBuildPhase section */

/* Begin PBXTargetDependency section */
		496CAEF124AB1CF000F290E9 /* PBXTargetDependency */ = {
			isa = PBXTargetDependency;
			target = 496CAED824AB1CF000F290E9 /* EnglishApp */;
			targetProxy = 496CAEF024AB1CF000F290E9 /* PBXContainerItemProxy */;
		};
		496CAEFC24AB1CF100F290E9 /* PBXTargetDependency */ = {
			isa = PBXTargetDependency;
			target = 496CAED824AB1CF000F290E9 /* EnglishApp */;
			targetProxy = 496CAEFB24AB1CF100F290E9 /* PBXContainerItemProxy */;
		};
/* End PBXTargetDependency section */

/* Begin PBXVariantGroup section */
		496CAEE724AB1CF000F290E9 /* LaunchScreen.storyboard */ = {
			isa = PBXVariantGroup;
			children = (
				496CAEE824AB1CF000F290E9 /* Base */,
			);
			name = LaunchScreen.storyboard;
			sourceTree = "<group>";
		};
/* End PBXVariantGroup section */

/* Begin XCBuildConfiguration section */
		496CAF0124AB1CF100F290E9 /* Debug */ = {
			isa = XCBuildConfiguration;
			buildSettings = {
				ALWAYS_SEARCH_USER_PATHS = NO;
				CLANG_ANALYZER_NONNULL = YES;
				CLANG_ANALYZER_NUMBER_OBJECT_CONVERSION = YES_AGGRESSIVE;
				CLANG_CXX_LANGUAGE_STANDARD = "gnu++14";
				CLANG_CXX_LIBRARY = "libc++";
				CLANG_ENABLE_MODULES = YES;
				CLANG_ENABLE_OBJC_ARC = YES;
				CLANG_ENABLE_OBJC_WEAK = YES;
				CLANG_WARN_BLOCK_CAPTURE_AUTORELEASING = YES;
				CLANG_WARN_BOOL_CONVERSION = YES;
				CLANG_WARN_COMMA = YES;
				CLANG_WARN_CONSTANT_CONVERSION = YES;
				CLANG_WARN_DEPRECATED_OBJC_IMPLEMENTATIONS = YES;
				CLANG_WARN_DIRECT_OBJC_ISA_USAGE = YES_ERROR;
				CLANG_WARN_DOCUMENTATION_COMMENTS = YES;
				CLANG_WARN_EMPTY_BODY = YES;
				CLANG_WARN_ENUM_CONVERSION = YES;
				CLANG_WARN_INFINITE_RECURSION = YES;
				CLANG_WARN_INT_CONVERSION = YES;
				CLANG_WARN_NON_LITERAL_NULL_CONVERSION = YES;
				CLANG_WARN_OBJC_IMPLICIT_RETAIN_SELF = YES;
				CLANG_WARN_OBJC_LITERAL_CONVERSION = YES;
				CLANG_WARN_OBJC_ROOT_CLASS = YES_ERROR;
				CLANG_WARN_RANGE_LOOP_ANALYSIS = YES;
				CLANG_WARN_STRICT_PROTOTYPES = YES;
				CLANG_WARN_SUSPICIOUS_MOVE = YES;
				CLANG_WARN_UNGUARDED_AVAILABILITY = YES_AGGRESSIVE;
				CLANG_WARN_UNREACHABLE_CODE = YES;
				CLANG_WARN__DUPLICATE_METHOD_MATCH = YES;
				COPY_PHASE_STRIP = NO;
				DEBUG_INFORMATION_FORMAT = dwarf;
				ENABLE_STRICT_OBJC_MSGSEND = YES;
				ENABLE_TESTABILITY = YES;
				GCC_C_LANGUAGE_STANDARD = gnu11;
				GCC_DYNAMIC_NO_PIC = NO;
				GCC_NO_COMMON_BLOCKS = YES;
				GCC_OPTIMIZATION_LEVEL = 0;
				GCC_PREPROCESSOR_DEFINITIONS = (
					"DEBUG=1",
					"$(inherited)",
				);
				GCC_WARN_64_TO_32_BIT_CONVERSION = YES;
				GCC_WARN_ABOUT_RETURN_TYPE = YES_ERROR;
				GCC_WARN_UNDECLARED_SELECTOR = YES;
				GCC_WARN_UNINITIALIZED_AUTOS = YES_AGGRESSIVE;
				GCC_WARN_UNUSED_FUNCTION = YES;
				GCC_WARN_UNUSED_VARIABLE = YES;
				IPHONEOS_DEPLOYMENT_TARGET = 13.5;
				MTL_ENABLE_DEBUG_INFO = INCLUDE_SOURCE;
				MTL_FAST_MATH = YES;
				ONLY_ACTIVE_ARCH = YES;
				SDKROOT = iphoneos;
				SWIFT_ACTIVE_COMPILATION_CONDITIONS = DEBUG;
				SWIFT_OPTIMIZATION_LEVEL = "-Onone";
			};
			name = Debug;
		};
		496CAF0224AB1CF100F290E9 /* Release */ = {
			isa = XCBuildConfiguration;
			buildSettings = {
				ALWAYS_SEARCH_USER_PATHS = NO;
				CLANG_ANALYZER_NONNULL = YES;
				CLANG_ANALYZER_NUMBER_OBJECT_CONVERSION = YES_AGGRESSIVE;
				CLANG_CXX_LANGUAGE_STANDARD = "gnu++14";
				CLANG_CXX_LIBRARY = "libc++";
				CLANG_ENABLE_MODULES = YES;
				CLANG_ENABLE_OBJC_ARC = YES;
				CLANG_ENABLE_OBJC_WEAK = YES;
				CLANG_WARN_BLOCK_CAPTURE_AUTORELEASING = YES;
				CLANG_WARN_BOOL_CONVERSION = YES;
				CLANG_WARN_COMMA = YES;
				CLANG_WARN_CONSTANT_CONVERSION = YES;
				CLANG_WARN_DEPRECATED_OBJC_IMPLEMENTATIONS = YES;
				CLANG_WARN_DIRECT_OBJC_ISA_USAGE = YES_ERROR;
				CLANG_WARN_DOCUMENTATION_COMMENTS = YES;
				CLANG_WARN_EMPTY_BODY = YES;
				CLANG_WARN_ENUM_CONVERSION = YES;
				CLANG_WARN_INFINITE_RECURSION = YES;
				CLANG_WARN_INT_CONVERSION = YES;
				CLANG_WARN_NON_LITERAL_NULL_CONVERSION = YES;
				CLANG_WARN_OBJC_IMPLICIT_RETAIN_SELF = YES;
				CLANG_WARN_OBJC_LITERAL_CONVERSION = YES;
				CLANG_WARN_OBJC_ROOT_CLASS = YES_ERROR;
				CLANG_WARN_RANGE_LOOP_ANALYSIS = YES;
				CLANG_WARN_STRICT_PROTOTYPES = YES;
				CLANG_WARN_SUSPICIOUS_MOVE = YES;
				CLANG_WARN_UNGUARDED_AVAILABILITY = YES_AGGRESSIVE;
				CLANG_WARN_UNREACHABLE_CODE = YES;
				CLANG_WARN__DUPLICATE_METHOD_MATCH = YES;
				COPY_PHASE_STRIP = NO;
				DEBUG_INFORMATION_FORMAT = "dwarf-with-dsym";
				ENABLE_NS_ASSERTIONS = NO;
				ENABLE_STRICT_OBJC_MSGSEND = YES;
				GCC_C_LANGUAGE_STANDARD = gnu11;
				GCC_NO_COMMON_BLOCKS = YES;
				GCC_WARN_64_TO_32_BIT_CONVERSION = YES;
				GCC_WARN_ABOUT_RETURN_TYPE = YES_ERROR;
				GCC_WARN_UNDECLARED_SELECTOR = YES;
				GCC_WARN_UNINITIALIZED_AUTOS = YES_AGGRESSIVE;
				GCC_WARN_UNUSED_FUNCTION = YES;
				GCC_WARN_UNUSED_VARIABLE = YES;
				IPHONEOS_DEPLOYMENT_TARGET = 13.5;
				MTL_ENABLE_DEBUG_INFO = NO;
				MTL_FAST_MATH = YES;
				SDKROOT = iphoneos;
				SWIFT_COMPILATION_MODE = wholemodule;
				SWIFT_OPTIMIZATION_LEVEL = "-O";
				VALIDATE_PRODUCT = YES;
			};
			name = Release;
		};
		496CAF0424AB1CF100F290E9 /* Debug */ = {
			isa = XCBuildConfiguration;
			baseConfigurationReference = 7386E48E2950A9DF925D34F3 /* Pods-EnglishApp.debug.xcconfig */;
			buildSettings = {
				ASSETCATALOG_COMPILER_APPICON_NAME = AppIcon;
				CODE_SIGN_STYLE = Automatic;
				DEVELOPMENT_ASSET_PATHS = "\"EnglishApp/Preview Content\"";
				DEVELOPMENT_TEAM = 4XV222H52K;
				ENABLE_PREVIEWS = YES;
				INFOPLIST_FILE = EnglishApp/Info.plist;
				LD_RUNPATH_SEARCH_PATHS = (
					"$(inherited)",
					"@executable_path/Frameworks",
				);
				PRODUCT_BUNDLE_IDENTIFIER = com.tishii24.EnglishApp;
				PRODUCT_NAME = "$(TARGET_NAME)";
				SWIFT_VERSION = 5.0;
				TARGETED_DEVICE_FAMILY = "1,2";
			};
			name = Debug;
		};
		496CAF0524AB1CF100F290E9 /* Release */ = {
			isa = XCBuildConfiguration;
			baseConfigurationReference = 9A40F8D62C2AEDFBEC2842DB /* Pods-EnglishApp.release.xcconfig */;
			buildSettings = {
				ASSETCATALOG_COMPILER_APPICON_NAME = AppIcon;
				CODE_SIGN_STYLE = Automatic;
				DEVELOPMENT_ASSET_PATHS = "\"EnglishApp/Preview Content\"";
				DEVELOPMENT_TEAM = 4XV222H52K;
				ENABLE_PREVIEWS = YES;
				INFOPLIST_FILE = EnglishApp/Info.plist;
				LD_RUNPATH_SEARCH_PATHS = (
					"$(inherited)",
					"@executable_path/Frameworks",
				);
				PRODUCT_BUNDLE_IDENTIFIER = com.tishii24.EnglishApp;
				PRODUCT_NAME = "$(TARGET_NAME)";
				SWIFT_VERSION = 5.0;
				TARGETED_DEVICE_FAMILY = "1,2";
			};
			name = Release;
		};
		496CAF0724AB1CF100F290E9 /* Debug */ = {
			isa = XCBuildConfiguration;
			baseConfigurationReference = 2ED33F85B96196B6918FDDAF /* Pods-EnglishAppTests.debug.xcconfig */;
			buildSettings = {
				ALWAYS_EMBED_SWIFT_STANDARD_LIBRARIES = YES;
				BUNDLE_LOADER = "$(TEST_HOST)";
				CODE_SIGN_STYLE = Automatic;
				DEVELOPMENT_TEAM = 4XV222H52K;
				INFOPLIST_FILE = EnglishAppTests/Info.plist;
				IPHONEOS_DEPLOYMENT_TARGET = 13.5;
				LD_RUNPATH_SEARCH_PATHS = (
					"$(inherited)",
					"@executable_path/Frameworks",
					"@loader_path/Frameworks",
				);
				PRODUCT_BUNDLE_IDENTIFIER = com.tishii24.EnglishAppTests;
				PRODUCT_NAME = "$(TARGET_NAME)";
				SWIFT_VERSION = 5.0;
				TARGETED_DEVICE_FAMILY = "1,2";
				TEST_HOST = "$(BUILT_PRODUCTS_DIR)/EnglishApp.app/EnglishApp";
			};
			name = Debug;
		};
		496CAF0824AB1CF100F290E9 /* Release */ = {
			isa = XCBuildConfiguration;
			baseConfigurationReference = F1A2DC4A6D576167C7B2F249 /* Pods-EnglishAppTests.release.xcconfig */;
			buildSettings = {
				ALWAYS_EMBED_SWIFT_STANDARD_LIBRARIES = YES;
				BUNDLE_LOADER = "$(TEST_HOST)";
				CODE_SIGN_STYLE = Automatic;
				DEVELOPMENT_TEAM = 4XV222H52K;
				INFOPLIST_FILE = EnglishAppTests/Info.plist;
				IPHONEOS_DEPLOYMENT_TARGET = 13.5;
				LD_RUNPATH_SEARCH_PATHS = (
					"$(inherited)",
					"@executable_path/Frameworks",
					"@loader_path/Frameworks",
				);
				PRODUCT_BUNDLE_IDENTIFIER = com.tishii24.EnglishAppTests;
				PRODUCT_NAME = "$(TARGET_NAME)";
				SWIFT_VERSION = 5.0;
				TARGETED_DEVICE_FAMILY = "1,2";
				TEST_HOST = "$(BUILT_PRODUCTS_DIR)/EnglishApp.app/EnglishApp";
			};
			name = Release;
		};
		496CAF0A24AB1CF100F290E9 /* Debug */ = {
			isa = XCBuildConfiguration;
			baseConfigurationReference = 763B43D92BD2283F51B0C5A9 /* Pods-EnglishApp-EnglishAppUITests.debug.xcconfig */;
			buildSettings = {
				ALWAYS_EMBED_SWIFT_STANDARD_LIBRARIES = YES;
				CODE_SIGN_STYLE = Automatic;
				DEVELOPMENT_TEAM = 4XV222H52K;
				INFOPLIST_FILE = EnglishAppUITests/Info.plist;
				LD_RUNPATH_SEARCH_PATHS = (
					"$(inherited)",
					"@executable_path/Frameworks",
					"@loader_path/Frameworks",
				);
				PRODUCT_BUNDLE_IDENTIFIER = com.tishii24.EnglishAppUITests;
				PRODUCT_NAME = "$(TARGET_NAME)";
				SWIFT_VERSION = 5.0;
				TARGETED_DEVICE_FAMILY = "1,2";
				TEST_TARGET_NAME = EnglishApp;
			};
			name = Debug;
		};
		496CAF0B24AB1CF100F290E9 /* Release */ = {
			isa = XCBuildConfiguration;
			baseConfigurationReference = 1D74BC2F5D06A362D900001B /* Pods-EnglishApp-EnglishAppUITests.release.xcconfig */;
			buildSettings = {
				ALWAYS_EMBED_SWIFT_STANDARD_LIBRARIES = YES;
				CODE_SIGN_STYLE = Automatic;
				DEVELOPMENT_TEAM = 4XV222H52K;
				INFOPLIST_FILE = EnglishAppUITests/Info.plist;
				LD_RUNPATH_SEARCH_PATHS = (
					"$(inherited)",
					"@executable_path/Frameworks",
					"@loader_path/Frameworks",
				);
				PRODUCT_BUNDLE_IDENTIFIER = com.tishii24.EnglishAppUITests;
				PRODUCT_NAME = "$(TARGET_NAME)";
				SWIFT_VERSION = 5.0;
				TARGETED_DEVICE_FAMILY = "1,2";
				TEST_TARGET_NAME = EnglishApp;
			};
			name = Release;
		};
/* End XCBuildConfiguration section */

/* Begin XCConfigurationList section */
		496CAED424AB1CEF00F290E9 /* Build configuration list for PBXProject "EnglishApp" */ = {
			isa = XCConfigurationList;
			buildConfigurations = (
				496CAF0124AB1CF100F290E9 /* Debug */,
				496CAF0224AB1CF100F290E9 /* Release */,
			);
			defaultConfigurationIsVisible = 0;
			defaultConfigurationName = Release;
		};
		496CAF0324AB1CF100F290E9 /* Build configuration list for PBXNativeTarget "EnglishApp" */ = {
			isa = XCConfigurationList;
			buildConfigurations = (
				496CAF0424AB1CF100F290E9 /* Debug */,
				496CAF0524AB1CF100F290E9 /* Release */,
			);
			defaultConfigurationIsVisible = 0;
			defaultConfigurationName = Release;
		};
		496CAF0624AB1CF100F290E9 /* Build configuration list for PBXNativeTarget "EnglishAppTests" */ = {
			isa = XCConfigurationList;
			buildConfigurations = (
				496CAF0724AB1CF100F290E9 /* Debug */,
				496CAF0824AB1CF100F290E9 /* Release */,
			);
			defaultConfigurationIsVisible = 0;
			defaultConfigurationName = Release;
		};
		496CAF0924AB1CF100F290E9 /* Build configuration list for PBXNativeTarget "EnglishAppUITests" */ = {
			isa = XCConfigurationList;
			buildConfigurations = (
				496CAF0A24AB1CF100F290E9 /* Debug */,
				496CAF0B24AB1CF100F290E9 /* Release */,
			);
			defaultConfigurationIsVisible = 0;
			defaultConfigurationName = Release;
		};
/* End XCConfigurationList section */

/* Begin XCRemoteSwiftPackageReference section */
		491DBFD824B0C2EE00A24A79 /* XCRemoteSwiftPackageReference "QGrid" */ = {
			isa = XCRemoteSwiftPackageReference;
			repositoryURL = "https://github.com/Q-Mobile/QGrid";
			requirement = {
				kind = upToNextMajorVersion;
				minimumVersion = 0.1.4;
			};
		};
/* End XCRemoteSwiftPackageReference section */

/* Begin XCSwiftPackageProductDependency section */
		491DBFD924B0C2EE00A24A79 /* QGrid */ = {
			isa = XCSwiftPackageProductDependency;
			package = 491DBFD824B0C2EE00A24A79 /* XCRemoteSwiftPackageReference "QGrid" */;
			productName = QGrid;
		};
/* End XCSwiftPackageProductDependency section */
	};
	rootObject = 496CAED124AB1CEF00F290E9 /* Project object */;
}
